
Microsoft Visual Studio Solution File, Format Version 12.00
# Visual Studio Version 16
VisualStudioVersion = 16.0.31702.278
MinimumVisualStudioVersion = 10.0.40219.1
Project("{FAE04EC0-301F-11D3-BF4B-00C04F79EFBC}") = "roman-numerals", "roman-numerals\roman-numerals.csproj", "{89D07178-F877-4BF9-BBE6-2AF8F875ED7D}"
EndProject
Global
	GlobalSection(SolutionConfigurationPlatforms) = preSolution
		Debug|Any CPU = Debug|Any CPU
		Release|Any CPU = Release|Any CPU
	EndGlobalSection
	GlobalSection(ProjectConfigurationPlatforms) = postSolution
		{89D07178-F877-4BF9-BBE6-2AF8F875ED7D}.Debug|Any CPU.ActiveCfg = Debug|Any CPU
		{89D07178-F877-4BF9-BBE6-2AF8F875ED7D}.Debug|Any CPU.Build.0 = Debug|Any CPU
		{89D07178-F877-4BF9-BBE6-2AF8F875ED7D}.Release|Any CPU.ActiveCfg = Release|Any CPU
		{89D07178-F877-4BF9-BBE6-2AF8F875ED7D}.Release|Any CPU.Build.0 = Release|Any CPU
	EndGlobalSection
	GlobalSection(SolutionProperties) = preSolution
		HideSolutionNode = FALSE
	EndGlobalSection
	GlobalSection(ExtensibilityGlobals) = postSolution
		SolutionGuid = {33570103-F407-4E64-B745-C2152947D631}
	EndGlobalSection
EndGlobal
